
Microsoft Visual Studio Solution File, Format Version 12.00
# Visual Studio 2012
Project("{8BC9CEB8-8B4A-11D0-8D11-00A0C91BC942}") = "ALPC_Client", "ALPC_Client\ALPC_Client.vcxproj", "{FAFEC4F6-FF8E-412D-9C51-D6169556F7FA}"
EndProject
Global
	GlobalSection(SolutionConfigurationPlatforms) = preSolution
		Debug|Win32 = Debug|Win32
		Debug|x64 = Debug|x64
		Release|Win32 = Release|Win32
		Release|x64 = Release|x64
	EndGlobalSection
	GlobalSection(ProjectConfigurationPlatforms) = postSolution
		{FAFEC4F6-FF8E-412D-9C51-D6169556F7FA}.Debug|Win32.ActiveCfg = Debug|Win32
		{FAFEC4F6-FF8E-412D-9C51-D6169556F7FA}.Debug|Win32.Build.0 = Debug|Win32
		{FAFEC4F6-FF8E-412D-9C51-D6169556F7FA}.Debug|x64.ActiveCfg = Debug|x64
		{FAFEC4F6-FF8E-412D-9C51-D6169556F7FA}.Debug|x64.Build.0 = Debug|x64
		{FAFEC4F6-FF8E-412D-9C51-D6169556F7FA}.Release|Win32.ActiveCfg = Release|Win32
		{FAFEC4F6-FF8E-412D-9C51-D6169556F7FA}.Release|Win32.Build.0 = Release|Win32
		{FAFEC4F6-FF8E-412D-9C51-D6169556F7FA}.Release|x64.ActiveCfg = Release|x64
		{FAFEC4F6-FF8E-412D-9C51-D6169556F7FA}.Release|x64.Build.0 = Release|x64
	EndGlobalSection
	GlobalSection(SolutionProperties) = preSolution
		HideSolutionNode = FALSE
	EndGlobalSection
EndGlobal
